lockfileVersion: 5.4

specifiers:
  cz-conventional-changelog: 2.1.0
  rollup-plugin-typescript: ^1.0.1
  tslib: ^1.14.1
  typescript: ^4.9.3

devDependencies:
  cz-conventional-changelog: registry.npmmirror.com/cz-conventional-changelog/2.1.0
  rollup-plugin-typescript: registry.npmmirror.com/rollup-plugin-typescript/1.0.1_qh4udknxwlwwdi4fkgjlzn2ynu
  tslib: registry.npmmirror.com/tslib/1.14.1
  typescript: registry.npmmirror.com/typescript/4.9.3

packages:

  registry.npmmirror.com/conventional-commit-types/2.3.0:
    resolution: {integrity: sha512-6iB39PrcGYdz0n3z31kj6/Km6mK9hm9oMRhwcLnKxE7WNoeRKZbTAobliKrbYZ5jqyCvtcVEfjCiaEzhL3AVmQ==, registry: https://rnpm.yangtuojia.com/, tarball: https://registry.npmmirror.com/conventional-commit-types/-/conventional-commit-types-2.3.0.tgz}
    name: conventional-commit-types
    version: 2.3.0
    dev: true

  registry.npmmirror.com/cz-conventional-changelog/2.1.0:
    resolution: {integrity: sha512-TMjkSrvju5fPQV+Ho8TIioAgXkly8h3vJ/txiczJrlUaLpgMGA6ssnwquLMWzNZZyCsJK5r4kPgwdohC4UAGmQ==, registry: https://rnpm.yangtuojia.com/, tarball: https://registry.npmmirror.com/cz-conventional-changelog/-/cz-conventional-changelog-2.1.0.tgz}
    name: cz-conventional-changelog
    version: 2.1.0
    dependencies:
      conventional-commit-types: registry.npmmirror.com/conventional-commit-types/2.3.0
      lodash.map: registry.npmmirror.com/lodash.map/4.6.0
      longest: registry.npmmirror.com/longest/1.0.1
      right-pad: registry.npmmirror.com/right-pad/1.0.1
      word-wrap: registry.npmmirror.com/word-wrap/1.2.3
    dev: true

  registry.npmmirror.com/estree-walker/0.6.1:
    resolution: {integrity: sha512-SqmZANLWS0mnatqbSfRP5g8OXZC12Fgg1IwNtLsyHDzJizORW4khDfjPqJZsemPWBB2uqykUah5YpQ6epsqC/w==, registry: https://rnpm.yangtuojia.com/, tarball: https://registry.npmmirror.com/estree-walker/-/estree-walker-0.6.1.tgz}
    name: estree-walker
    version: 0.6.1
    dev: true

  registry.npmmirror.com/function-bind/1.1.1:
    resolution: {integrity: sha512-yIovAzMX49sF8Yl58fSCWJ5svSLuaibPxXQJFLmBObTuCr0Mf1KiPopGM9NiFjiYBCbfaa2Fh6breQ6ANVTI0A==, registry: https://rnpm.yangtuojia.com/, tarball: https://registry.npmmirror.com/function-bind/-/function-bind-1.1.1.tgz}
    name: function-bind
    version: 1.1.1
    dev: true

  registry.npmmirror.com/has/1.0.3:
    resolution: {integrity: sha512-f2dvO0VU6Oej7RkWJGrehjbzMAjFp5/VKPp5tTpWIV4JHHZK1/BxbFRtf/siA2SWTe09caDmVtYYzWEIbBS4zw==, registry: https://rnpm.yangtuojia.com/, tarball: https://registry.npmmirror.com/has/-/has-1.0.3.tgz}
    name: has
    version: 1.0.3
    engines: {node: '>= 0.4.0'}
    dependencies:
      function-bind: registry.npmmirror.com/function-bind/1.1.1
    dev: true

  registry.npmmirror.com/is-core-module/2.11.0:
    resolution: {integrity: sha512-RRjxlvLDkD1YJwDbroBHMb+cukurkDWNyHx7D3oNB5x9rb5ogcksMC5wHCadcXoo67gVr/+3GFySh3134zi6rw==, registry: https://rnpm.yangtuojia.com/, tarball: https://registry.npmmirror.com/is-core-module/-/is-core-module-2.11.0.tgz}
    name: is-core-module
    version: 2.11.0
    dependencies:
      has: registry.npmmirror.com/has/1.0.3
    dev: true

  registry.npmmirror.com/lodash.map/4.6.0:
    resolution: {integrity: sha512-worNHGKLDetmcEYDvh2stPCrrQRkP20E4l0iIS7F8EvzMqBBi7ltvFN5m1HvTf1P7Jk1txKhvFcmYsCr8O2F1Q==, registry: https://rnpm.yangtuojia.com/, tarball: https://registry.npmmirror.com/lodash.map/-/lodash.map-4.6.0.tgz}
    name: lodash.map
    version: 4.6.0
    dev: true

  registry.npmmirror.com/longest/1.0.1:
    resolution: {integrity: sha512-k+yt5n3l48JU4k8ftnKG6V7u32wyH2NfKzeMto9F/QRE0amxy/LayxwlvjjkZEIzqR+19IrtFO8p5kB9QaYUFg==, registry: https://rnpm.yangtuojia.com/, tarball: https://registry.npmmirror.com/longest/-/longest-1.0.1.tgz}
    name: longest
    version: 1.0.1
    engines: {node: '>=0.10.0'}
    dev: true

  registry.npmmirror.com/path-parse/1.0.7:
    resolution: {integrity: sha512-LDJzPVEEEPR+y48z93A0Ed0yXb8pAByGWo/k5YYdYgpY2/2EsOsksJrq7lOHxryrVOn1ejG6oAp8ahvOIQD8sw==, registry: https://rnpm.yangtuojia.com/, tarball: https://registry.npmmirror.com/path-parse/-/path-parse-1.0.7.tgz}
    name: path-parse
    version: 1.0.7
    dev: true

  registry.npmmirror.com/resolve/1.22.1:
    resolution: {integrity: sha512-nBpuuYuY5jFsli/JIs1oldw6fOQCBioohqWZg/2hiaOybXOft4lonv85uDOKXdf8rhyK159cxU5cDcK/NKk8zw==, registry: https://rnpm.yangtuojia.com/, tarball: https://registry.npmmirror.com/resolve/-/resolve-1.22.1.tgz}
    name: resolve
    version: 1.22.1
    hasBin: true
    dependencies:
      is-core-module: registry.npmmirror.com/is-core-module/2.11.0
      path-parse: registry.npmmirror.com/path-parse/1.0.7
      supports-preserve-symlinks-flag: registry.npmmirror.com/supports-preserve-symlinks-flag/1.0.0
    dev: true

  registry.npmmirror.com/right-pad/1.0.1:
    resolution: {integrity: sha512-bYBjgxmkvTAfgIYy328fmkwhp39v8lwVgWhhrzxPV3yHtcSqyYKe9/XOhvW48UFjATg3VuJbpsp5822ACNvkmw==, registry: https://rnpm.yangtuojia.com/, tarball: https://registry.npmmirror.com/right-pad/-/right-pad-1.0.1.tgz}
    name: right-pad
    version: 1.0.1
    engines: {node: '>= 0.10'}
    dev: true

  registry.npmmirror.com/rollup-plugin-typescript/1.0.1_qh4udknxwlwwdi4fkgjlzn2ynu:
    resolution: {integrity: sha512-rwJDNn9jv/NsKZuyBb/h0jsclP4CJ58qbvZt2Q9zDIGILF2LtdtvCqMOL+Gq9IVq5MTrTlHZNrn8h7VjQgd8tw==, registry: https://rnpm.yangtuojia.com/, tarball: https://registry.npmmirror.com/rollup-plugin-typescript/-/rollup-plugin-typescript-1.0.1.tgz}
    id: registry.npmmirror.com/rollup-plugin-typescript/1.0.1
    name: rollup-plugin-typescript
    version: 1.0.1
    deprecated: This package has been deprecated and is no longer maintained. Please use @rollup/plugin-typescript.
    peerDependencies:
      tslib: '*'
      typescript: '>=2.1.0'
    dependencies:
      resolve: registry.npmmirror.com/resolve/1.22.1
      rollup-pluginutils: registry.npmmirror.com/rollup-pluginutils/2.8.2
      tslib: registry.npmmirror.com/tslib/1.14.1
      typescript: registry.npmmirror.com/typescript/4.9.3
    dev: true

  registry.npmmirror.com/rollup-pluginutils/2.8.2:
    resolution: {integrity: sha512-EEp9NhnUkwY8aif6bxgovPHMoMoNr2FulJziTndpt5H9RdwC47GSGuII9XxpSdzVGM0GWrNPHV6ie1LTNJPaLQ==, registry: https://rnpm.yangtuojia.com/, tarball: https://registry.npmmirror.com/rollup-pluginutils/-/rollup-pluginutils-2.8.2.tgz}
    name: rollup-pluginutils
    version: 2.8.2
    dependencies:
      estree-walker: registry.npmmirror.com/estree-walker/0.6.1
    dev: true

  registry.npmmirror.com/supports-preserve-symlinks-flag/1.0.0:
    resolution: {integrity: sha512-ot0WnXS9fgdkgIcePe6RHNk1WA8+muPa6cSjeR3V8K27q9BB1rTE3R1p7Hv0z1ZyAc8s6Vvv8DIyWf681MAt0w==, registry: https://rnpm.yangtuojia.com/, tarball: https://registry.npmmirror.com/supports-preserve-symlinks-flag/-/supports-preserve-symlinks-flag-1.0.0.tgz}
    name: supports-preserve-symlinks-flag
    version: 1.0.0
    engines: {node: '>= 0.4'}
    dev: true

  registry.npmmirror.com/tslib/1.14.1:
    resolution: {integrity: sha512-Xni35NKzjgMrwevysHTCArtLDpPvye8zV/0E4EyYn43P7/7qvQwPh9BGkHewbMulVntbigmcT7rdX3BNo9wRJg==, registry: https://rnpm.yangtuojia.com/, tarball: https://registry.npmmirror.com/tslib/-/tslib-1.14.1.tgz}
    name: tslib
    version: 1.14.1
    dev: true

  registry.npmmirror.com/typescript/4.9.3:
    resolution: {integrity: sha512-CIfGzTelbKNEnLpLdGFgdyKhG23CKdKgQPOBc+OUNrkJ2vr+KSzsSV5kq5iWhEQbok+quxgGzrAtGWCyU7tHnA==, registry: https://rnpm.yangtuojia.com/, tarball: https://registry.npmmirror.com/typescript/-/typescript-4.9.3.tgz}
    name: typescript
    version: 4.9.3
    engines: {node: '>=4.2.0'}
    hasBin: true
    dev: true

  registry.npmmirror.com/word-wrap/1.2.3:
    resolution: {integrity: sha512-Hz/mrNwitNRh/HUAtM/VT/5VH+ygD6DV7mYKZAtHOrbs8U7lvPS6xf7EJKMF0uW1KJCl0H701g3ZGus+muE5vQ==, registry: https://rnpm.yangtuojia.com/, tarball: https://registry.npmmirror.com/word-wrap/-/word-wrap-1.2.3.tgz}
    name: word-wrap
    version: 1.2.3
    engines: {node: '>=0.10.0'}
    dev: true
